github.com/SpineEventEngine/site-commons v0.0.0-20260506161356-238c12925f57 h1:pBZRdSZylubFqTTtBtE5xEq51G7w6x+lQu59CA4BrvY=
github.com/SpineEventEngine/site-commons v0.0.0-20260506161356-238c12925f57/go.mod h1:tkAl4StIREKmz9r5PiJtuDhvwMMkFXKWcaTyxhIikho=
github.com/SpineEventEngine/site-commons v0.0.0-20260506170914-8c0f5b8c63a0 h1:HdoYnuhAlV11gqEyIAYA/jvjnxLPMzUJLuaxzNKbUhA=
github.com/SpineEventEngine/site-commons v0.0.0-20260506170914-8c0f5b8c63a0/go.mod h1:tkAl4StIREKmz9r5PiJtuDhvwMMkFXKWcaTyxhIikho=
